uuid: 394169fa-dd29-4415-8922-9ee886f441c2
langcode: en
status: true
dependencies:
  module:
    - social_media
  theme:
    - bootsass
id: socialsharingblock
theme: bootsass
region: social_share_section
weight: -11
provider: null
plugin: social_sharing_block
settings:
  id: social_sharing_block
  label: 'Social Sharing block'
  provider: social_media
  label_display: '0'
visibility: {  }
