uuid: 3bfc92fc-ef50-43cb-83b1-18391e79e3c4
langcode: en
status: true
dependencies:
  config:
    - field.storage.paragraph.field_image_block
    - paragraphs.paragraphs_type.fullpage_image
  module:
    - image
id: paragraph.fullpage_image.field_image_block
field_name: field_image_block
entity_type: paragraph
bundle: fullpage_image
label: 'Image block'
description: ''
required: false
translatable: false
default_value: {  }
default_value_callback: ''
settings:
  file_directory: '[date:custom:Y]-[date:custom:m]'
  file_extensions: 'png gif jpg jpeg'
  max_filesize: '2 MB'
  max_resolution: ''
  min_resolution: 750x455
  alt_field: true
  alt_field_required: true
  title_field: false
  title_field_required: false
  default_image:
    uuid: ''
    alt: ''
    title: ''
    width: null
    height: null
  handler: 'default:file'
  handler_settings: {  }
field_type: image
